
Microsoft Visual Studio Solution File, Format Version 12.00
# Visual Studio Version 16
VisualStudioVersion = 16.0.31424.327
MinimumVisualStudioVersion = 10.0.40219.1
Project("{FAE04EC0-301F-11D3-BF4B-00C04F79EFBC}") = "App2.Android", "App2.Android\App2.Android.csproj", "{6D458AD9-7EE6-4957-92C9-707E931D183F}"
EndProject
Project("{FAE04EC0-301F-11D3-BF4B-00C04F79EFBC}") = "App2.iOS", "App2.iOS\App2.iOS.csproj", "{78C9C874-B769-44BD-8C26-CE1508A6B4B4}"
EndProject
Project("{9A19103F-16F7-4668-BE54-9A1E7A4F7556}") = "Intrest calculator", "App2\Intrest calculator.csproj", "{115054A2-44A8-492A-8144-ED9BECE907F4}"
EndProject
Global
	GlobalSection(SolutionConfigurationPlatforms) = preSolution
		Debug|Any CPU = Debug|Any CPU
		Debug|iPhone = Debug|iPhone
		Debug|iPhoneSimulator = Debug|iPhoneSimulator
		Release|Any CPU = Release|Any CPU
		Release|iPhone = Release|iPhone
		Release|iPhoneSimulator = Release|iPhoneSimulator
	EndGlobalSection
	GlobalSection(ProjectConfigurationPlatforms) = postSolution
		{6D458AD9-7EE6-4957-92C9-707E931D183F}.Debug|Any CPU.ActiveCfg = Debug|Any CPU
		{6D458AD9-7EE6-4957-92C9-707E931D183F}.Debug|Any CPU.Build.0 = Debug|Any CPU
		{6D458AD9-7EE6-4957-92C9-707E931D183F}.Debug|Any CPU.Deploy.0 = Debug|Any CPU
		{6D458AD9-7EE6-4957-92C9-707E931D183F}.Debug|iPhone.ActiveCfg = Debug|Any CPU
		{6D458AD9-7EE6-4957-92C9-707E931D183F}.Debug|iPhone.Build.0 = Debug|Any CPU
		{6D458AD9-7EE6-4957-92C9-707E931D183F}.Debug|iPhone.Deploy.0 = Debug|Any CPU
		{6D458AD9-7EE6-4957-92C9-707E931D183F}.Debug|iPhoneSimulator.ActiveCfg = Debug|Any CPU
		{6D458AD9-7EE6-4957-92C9-707E931D183F}.Debug|iPhoneSimulator.Build.0 = Debug|Any CPU
		{6D458AD9-7EE6-4957-92C9-707E931D183F}.Debug|iPhoneSimulator.Deploy.0 = Debug|Any CPU
		{6D458AD9-7EE6-4957-92C9-707E931D183F}.Release|Any CPU.ActiveCfg = Release|Any CPU
		{6D458AD9-7EE6-4957-92C9-707E931D183F}.Release|Any CPU.Build.0 = Release|Any CPU
		{6D458AD9-7EE6-4957-92C9-707E931D183F}.Release|Any CPU.Deploy.0 = Release|Any CPU
		{6D458AD9-7EE6-4957-92C9-707E931D183F}.Release|iPhone.ActiveCfg = Release|Any CPU
		{6D458AD9-7EE6-4957-92C9-707E931D183F}.Release|iPhone.Build.0 = Release|Any CPU
		{6D458AD9-7EE6-4957-92C9-707E931D183F}.Release|iPhone.Deploy.0 = Release|Any CPU
		{6D458AD9-7EE6-4957-92C9-707E931D183F}.Release|iPhoneSimulator.ActiveCfg = Release|Any CPU
		{6D458AD9-7EE6-4957-92C9-707E931D183F}.Release|iPhoneSimulator.Build.0 = Release|Any CPU
		{6D458AD9-7EE6-4957-92C9-707E931D183F}.Release|iPhoneSimulator.Deploy.0 = Release|Any CPU
		{78C9C874-B769-44BD-8C26-CE1508A6B4B4}.Debug|Any CPU.ActiveCfg = Debug|iPhone
		{78C9C874-B769-44BD-8C26-CE1508A6B4B4}.Debug|Any CPU.Build.0 = Debug|iPhone
		{78C9C874-B769-44BD-8C26-CE1508A6B4B4}.Debug|Any CPU.Deploy.0 = Debug|iPhone
		{78C9C874-B769-44BD-8C26-CE1508A6B4B4}.Debug|iPhone.ActiveCfg = Debug|iPhone
		{78C9C874-B769-44BD-8C26-CE1508A6B4B4}.Debug|iPhone.Build.0 = Debug|iPhone
		{78C9C874-B769-44BD-8C26-CE1508A6B4B4}.Debug|iPhone.Deploy.0 = Debug|iPhone
		{78C9C874-B769-44BD-8C26-CE1508A6B4B4}.Debug|iPhoneSimulator.ActiveCfg = Debug|iPhoneSimulator
		{78C9C874-B769-44BD-8C26-CE1508A6B4B4}.Debug|iPhoneSimulator.Build.0 = Debug|iPhoneSimulator
		{78C9C874-B769-44BD-8C26-CE1508A6B4B4}.Debug|iPhoneSimulator.Deploy.0 = Debug|iPhoneSimulator
		{78C9C874-B769-44BD-8C26-CE1508A6B4B4}.Release|Any CPU.ActiveCfg = Release|iPhoneSimulator
		{78C9C874-B769-44BD-8C26-CE1508A6B4B4}.Release|Any CPU.Build.0 = Release|iPhoneSimulator
		{78C9C874-B769-44BD-8C26-CE1508A6B4B4}.Release|Any CPU.Deploy.0 = Release|iPhoneSimulator
		{78C9C874-B769-44BD-8C26-CE1508A6B4B4}.Release|iPhone.ActiveCfg = Release|iPhone
		{78C9C874-B769-44BD-8C26-CE1508A6B4B4}.Release|iPhone.Build.0 = Release|iPhone
		{78C9C874-B769-44BD-8C26-CE1508A6B4B4}.Release|iPhone.Deploy.0 = Release|iPhone
		{78C9C874-B769-44BD-8C26-CE1508A6B4B4}.Release|iPhoneSimulator.ActiveCfg = Release|iPhoneSimulator
		{78C9C874-B769-44BD-8C26-CE1508A6B4B4}.Release|iPhoneSimulator.Build.0 = Release|iPhoneSimulator
		{78C9C874-B769-44BD-8C26-CE1508A6B4B4}.Release|iPhoneSimulator.Deploy.0 = Release|iPhoneSimulator
		{115054A2-44A8-492A-8144-ED9BECE907F4}.Debug|Any CPU.ActiveCfg = Debug|Any CPU
		{115054A2-44A8-492A-8144-ED9BECE907F4}.Debug|Any CPU.Build.0 = Debug|Any CPU
		{115054A2-44A8-492A-8144-ED9BECE907F4}.Debug|Any CPU.Deploy.0 = Debug|Any CPU
		{115054A2-44A8-492A-8144-ED9BECE907F4}.Debug|iPhone.ActiveCfg = Debug|Any CPU
		{115054A2-44A8-492A-8144-ED9BECE907F4}.Debug|iPhone.Build.0 = Debug|Any CPU
		{115054A2-44A8-492A-8144-ED9BECE907F4}.Debug|iPhone.Deploy.0 = Debug|Any CPU
		{115054A2-44A8-492A-8144-ED9BECE907F4}.Debug|iPhoneSimulator.ActiveCfg = Debug|Any CPU
		{115054A2-44A8-492A-8144-ED9BECE907F4}.Debug|iPhoneSimulator.Build.0 = Debug|Any CPU
		{115054A2-44A8-492A-8144-ED9BECE907F4}.Debug|iPhoneSimulator.Deploy.0 = Debug|Any CPU
		{115054A2-44A8-492A-8144-ED9BECE907F4}.Release|Any CPU.ActiveCfg = Release|Any CPU
		{115054A2-44A8-492A-8144-ED9BECE907F4}.Release|Any CPU.Build.0 = Release|Any CPU
		{115054A2-44A8-492A-8144-ED9BECE907F4}.Release|Any CPU.Deploy.0 = Release|Any CPU
		{115054A2-44A8-492A-8144-ED9BECE907F4}.Release|iPhone.ActiveCfg = Release|Any CPU
		{115054A2-44A8-492A-8144-ED9BECE907F4}.Release|iPhone.Build.0 = Release|Any CPU
		{115054A2-44A8-492A-8144-ED9BECE907F4}.Release|iPhone.Deploy.0 = Release|Any CPU
		{115054A2-44A8-492A-8144-ED9BECE907F4}.Release|iPhoneSimulator.ActiveCfg = Release|Any CPU
		{115054A2-44A8-492A-8144-ED9BECE907F4}.Release|iPhoneSimulator.Build.0 = Release|Any CPU
		{115054A2-44A8-492A-8144-ED9BECE907F4}.Release|iPhoneSimulator.Deploy.0 = Release|Any CPU
	EndGlobalSection
	GlobalSection(SolutionProperties) = preSolution
		HideSolutionNode = FALSE
	EndGlobalSection
	GlobalSection(ExtensibilityGlobals) = postSolution
		SolutionGuid = {D109C55D-391C-4AF0-A43E-F562067606EE}
	EndGlobalSection
EndGlobal
